// !$*UTF8*$!
{
	archiveVersion = 1;
	classes = {
	};
	objectVersion = 56;
	objects = {

/* Begin PBXBuildFile section */
		E548FAF92964A6040015C429 /* AppDelegate.swift in Sources */ = {isa = PBXBuildFile; fileRef = E548FAF82964A6040015C429 /* AppDelegate.swift */; };
		E548FAFB2964A6040015C429 /* SceneDelegate.swift in Sources */ = {isa = PBXBuildFile; fileRef = E548FAFA2964A6040015C429 /* SceneDelegate.swift */; };
		E548FAFD2964A6040015C429 /* CitiesViewController.swift in Sources */ = {isa = PBXBuildFile; fileRef = E548FAFC2964A6040015C429 /* CitiesViewController.swift */; };
		E548FB002964A6040015C429 /* Main.storyboard in Resources */ = {isa = PBXBuildFile; fileRef = E548FAFE2964A6040015C429 /* Main.storyboard */; };
		E548FB022964A6050015C429 /* Assets.xcassets in Resources */ = {isa = PBXBuildFile; fileRef = E548FB012964A6050015C429 /* Assets.xcassets */; };
		E548FB052964A6050015C429 /* LaunchScreen.storyboard in Resources */ = {isa = PBXBuildFile; fileRef = E548FB032964A6050015C429 /* LaunchScreen.storyboard */; };
		E548FB0F2964ACAB0015C429 /* CustomTableViewCell.swift in Sources */ = {isa = PBXBuildFile; fileRef = E548FB0E2964ACAB0015C429 /* CustomTableViewCell.swift */; };
		E548FB112964B2440015C429 /* WeatherManager.swift in Sources */ = {isa = PBXBuildFile; fileRef = E548FB102964B2440015C429 /* WeatherManager.swift */; };
		E548FB152964B6200015C429 /* WeatherViewController.swift in Sources */ = {isa = PBXBuildFile; fileRef = E548FB142964B6200015C429 /* WeatherViewController.swift */; };
		E5C5702C29658F7F00577C35 /* CityManager.swift in Sources */ = {isa = PBXBuildFile; fileRef = E5C5702B29658F7F00577C35 /* CityManager.swift */; };
/* End PBXBuildFile section */

/* Begin PBXFileReference section */
		E548FAF52964A6040015C429 /* bootcamp-week-4.app */ = {isa = PBXFileReference; explicitFileType = wrapper.application; includeInIndex = 0; path = "bootcamp-week-4.app"; sourceTree = BUILT_PRODUCTS_DIR; };
		E548FAF82964A6040015C429 /* AppDelegate.swift */ = {isa = PBXFileReference; lastKnownFileType = sourcecode.swift; path = AppDelegate.swift; sourceTree = "<group>"; };
		E548FAFA2964A6040015C429 /* SceneDelegate.swift */ = {isa = PBXFileReference; lastKnownFileType = sourcecode.swift; path = SceneDelegate.swift; sourceTree = "<group>"; };
		E548FAFC2964A6040015C429 /* CitiesViewController.swift */ = {isa = PBXFileReference; lastKnownFileType = sourcecode.swift; path = CitiesViewController.swift; sourceTree = "<group>"; };
		E548FAFF2964A6040015C429 /* Base */ = {isa = PBXFileReference; lastKnownFileType = file.storyboard; name = Base; path = Base.lproj/Main.storyboard; sourceTree = "<group>"; };
		E548FB012964A6050015C429 /* Assets.xcassets */ = {isa = PBXFileReference; lastKnownFileType = folder.assetcatalog; path = Assets.xcassets; sourceTree = "<group>"; };
		E548FB042964A6050015C429 /* Base */ = {isa = PBXFileReference; lastKnownFileType = file.storyboard; name = Base; path = Base.lproj/LaunchScreen.storyboard; sourceTree = "<group>"; };
		E548FB062964A6050015C429 /* Info.plist */ = {isa = PBXFileReference; lastKnownFileType = text.plist.xml; path = Info.plist; sourceTree = "<group>"; };
		E548FB0E2964ACAB0015C429 /* CustomTableViewCell.swift */ = {isa = PBXFileReference; lastKnownFileType = sourcecode.swift; path = CustomTableViewCell.swift; sourceTree = "<group>"; };
		E548FB102964B2440015C429 /* WeatherManager.swift */ = {isa = PBXFileReference; lastKnownFileType = sourcecode.swift; path = WeatherManager.swift; sourceTree = "<group>"; };
		E548FB142964B6200015C429 /* WeatherViewController.swift */ = {isa = PBXFileReference; lastKnownFileType = sourcecode.swift; path = WeatherViewController.swift; sourceTree = "<group>"; };
		E5C5702B29658F7F00577C35 /* CityManager.swift */ = {isa = PBXFileReference; lastKnownFileType = sourcecode.swift; path = CityManager.swift; sourceTree = "<group>"; };
/* End PBXFileReference section */

/* Begin PBXFrameworksBuildPhase section */
		E548FAF22964A6040015C429 /* Frameworks */ = {
			isa = PBXFrameworksBuildPhase;
			buildActionMask = 2147483647;
			files = (
			);
			runOnlyForDeploymentPostprocessing = 0;
		};
/* End PBXFrameworksBuildPhase section */

/* Begin PBXGroup section */
		E548FAEC2964A6040015C429 = {
			isa = PBXGroup;
			children = (
				E548FAF72964A6040015C429 /* bootcamp-week-4 */,
				E548FAF62964A6040015C429 /* Products */,
			);
			sourceTree = "<group>";
		};
		E548FAF62964A6040015C429 /* Products */ = {
			isa = PBXGroup;
			children = (
				E548FAF52964A6040015C429 /* bootcamp-week-4.app */,
			);
			name = Products;
			sourceTree = "<group>";
		};
		E548FAF72964A6040015C429 /* bootcamp-week-4 */ = {
			isa = PBXGroup;
			children = (
				E577C7122966CC2B00616927 /* Models */,
				E577C7112966CC1E00616927 /* Controllers */,
				E548FAF82964A6040015C429 /* AppDelegate.swift */,
				E548FAFA2964A6040015C429 /* SceneDelegate.swift */,
				E548FB0E2964ACAB0015C429 /* CustomTableViewCell.swift */,
				E548FAFE2964A6040015C429 /* Main.storyboard */,
				E548FB012964A6050015C429 /* Assets.xcassets */,
				E548FB032964A6050015C429 /* LaunchScreen.storyboard */,
				E548FB062964A6050015C429 /* Info.plist */,
			);
			path = "bootcamp-week-4";
			sourceTree = "<group>";
		};
		E577C7112966CC1E00616927 /* Controllers */ = {
			isa = PBXGroup;
			children = (
				E548FAFC2964A6040015C429 /* CitiesViewController.swift */,
				E548FB142964B6200015C429 /* WeatherViewController.swift */,
			);
			path = Controllers;
			sourceTree = "<group>";
		};
		E577C7122966CC2B00616927 /* Models */ = {
			isa = PBXGroup;
			children = (
				E5C5702B29658F7F00577C35 /* CityManager.swift */,
				E548FB102964B2440015C429 /* WeatherManager.swift */,
			);
			path = Models;
			sourceTree = "<group>";
		};
/* End PBXGroup section */

/* Begin PBXNativeTarget section */
		E548FAF42964A6040015C429 /* bootcamp-week-4 */ = {
			isa = PBXNativeTarget;
			buildConfigurationList = E548FB092964A6050015C429 /* Build configuration list for PBXNativeTarget "bootcamp-week-4" */;
			buildPhases = (
				E548FAF12964A6040015C429 /* Sources */,
				E548FAF22964A6040015C429 /* Frameworks */,
				E548FAF32964A6040015C429 /* Resources */,
			);
			buildRules = (
			);
			dependencies = (
			);
			name = "bootcamp-week-4";
			productName = "bootcamp-week-4";
			productReference = E548FAF52964A6040015C429 /* bootcamp-week-4.app */;
			productType = "com.apple.product-type.application";
		};
/* End PBXNativeTarget section */

/* Begin PBXProject section */
		E548FAED2964A6040015C429 /* Project object */ = {
			isa = PBXProject;
			attributes = {
				BuildIndependentTargetsInParallel = 1;
				LastSwiftUpdateCheck = 1410;
				LastUpgradeCheck = 1410;
				TargetAttributes = {
					E548FAF42964A6040015C429 = {
						CreatedOnToolsVersion = 14.1;
					};
				};
			};
			buildConfigurationList = E548FAF02964A6040015C429 /* Build configuration list for PBXProject "bootcamp-week-4" */;
			compatibilityVersion = "Xcode 14.0";
			developmentRegion = en;
			hasScannedForEncodings = 0;
			knownRegions = (
				en,
				Base,
			);
			mainGroup = E548FAEC2964A6040015C429;
			productRefGroup = E548FAF62964A6040015C429 /* Products */;
			projectDirPath = "";
			projectRoot = "";
			targets = (
				E548FAF42964A6040015C429 /* bootcamp-week-4 */,
			);
		};
/* End PBXProject section */

/* Begin PBXResourcesBuildPhase section */
		E548FAF32964A6040015C429 /* Resources */ = {
			isa = PBXResourcesBuildPhase;
			buildActionMask = 2147483647;
			files = (
				E548FB052964A6050015C429 /* LaunchScreen.storyboard in Resources */,
				E548FB022964A6050015C429 /* Assets.xcassets in Resources */,
				E548FB002964A6040015C429 /* Main.storyboard in Resources */,
			);
			runOnlyForDeploymentPostprocessing = 0;
		};
/* End PBXResourcesBuildPhase section */

/* Begin PBXSourcesBuildPhase section */
		E548FAF12964A6040015C429 /* Sources */ = {
			isa = PBXSourcesBuildPhase;
			buildActionMask = 2147483647;
			files = (
				E548FAFD2964A6040015C429 /* CitiesViewController.swift in Sources */,
				E548FB152964B6200015C429 /* WeatherViewController.swift in Sources */,
				E548FAF92964A6040015C429 /* AppDelegate.swift in Sources */,
				E548FB112964B2440015C429 /* WeatherManager.swift in Sources */,
				E548FB0F2964ACAB0015C429 /* CustomTableViewCell.swift in Sources */,
				E5C5702C29658F7F00577C35 /* CityManager.swift in Sources */,
				E548FAFB2964A6040015C429 /* SceneDelegate.swift in Sources */,
			);
			runOnlyForDeploymentPostprocessing = 0;
		};
/* End PBXSourcesBuildPhase section */

/* Begin PBXVariantGroup section */
		E548FAFE2964A6040015C429 /* Main.storyboard */ = {
			isa = PBXVariantGroup;
			children = (
				E548FAFF2964A6040015C429 /* Base */,
			);
			name = Main.storyboard;
			sourceTree = "<group>";
		};
		E548FB032964A6050015C429 /* LaunchScreen.storyboard */ = {
			isa = PBXVariantGroup;
			children = (
				E548FB042964A6050015C429 /* Base */,
			);
			name = LaunchScreen.storyboard;
			sourceTree = "<group>";
		};
/* End PBXVariantGroup section */

/* Begin XCBuildConfiguration section */
		E548FB072964A6050015C429 /* Debug */ = {
			isa = XCBuildConfiguration;
			buildSettings = {
				ALWAYS_SEARCH_USER_PATHS = NO;
				CLANG_ANALYZER_NONNULL = YES;
				CLANG_ANALYZER_NUMBER_OBJECT_CONVERSION = YES_AGGRESSIVE;
				CLANG_CXX_LANGUAGE_STANDARD = "gnu++20";
				CLANG_ENABLE_MODULES = YES;
				CLANG_ENABLE_OBJC_ARC = YES;
				CLANG_ENABLE_OBJC_WEAK = YES;
				CLANG_WARN_BLOCK_CAPTURE_AUTORELEASING = YES;
				CLANG_WARN_BOOL_CONVERSION = YES;
				CLANG_WARN_COMMA = YES;
				CLANG_WARN_CONSTANT_CONVERSION = YES;
				CLANG_WARN_DEPRECATED_OBJC_IMPLEMENTATIONS = YES;
				CLANG_WARN_DIRECT_OBJC_ISA_USAGE = YES_ERROR;
				CLANG_WARN_DOCUMENTATION_COMMENTS = YES;
				CLANG_WARN_EMPTY_BODY = YES;
				CLANG_WARN_ENUM_CONVERSION = YES;
				CLANG_WARN_INFINITE_RECURSION = YES;
				CLANG_WARN_INT_CONVERSION = YES;
				CLANG_WARN_NON_LITERAL_NULL_CONVERSION = YES;
				CLANG_WARN_OBJC_IMPLICIT_RETAIN_SELF = YES;
				CLANG_WARN_OBJC_LITERAL_CONVERSION = YES;
				CLANG_WARN_OBJC_ROOT_CLASS = YES_ERROR;
				CLANG_WARN_QUOTED_INCLUDE_IN_FRAMEWORK_HEADER = YES;
				CLANG_WARN_RANGE_LOOP_ANALYSIS = YES;
				CLANG_WARN_STRICT_PROTOTYPES = YES;
				CLANG_WARN_SUSPICIOUS_MOVE = YES;
				CLANG_WARN_UNGUARDED_AVAILABILITY = YES_AGGRESSIVE;
				CLANG_WARN_UNREACHABLE_CODE = YES;
				CLANG_WARN__DUPLICATE_METHOD_MATCH = YES;
				COPY_PHASE_STRIP = NO;
				DEBUG_INFORMATION_FORMAT = dwarf;
				ENABLE_STRICT_OBJC_MSGSEND = YES;
				ENABLE_TESTABILITY = YES;
				GCC_C_LANGUAGE_STANDARD = gnu11;
				GCC_DYNAMIC_NO_PIC = NO;
				GCC_NO_COMMON_BLOCKS = YES;
				GCC_OPTIMIZATION_LEVEL = 0;
				GCC_PREPROCESSOR_DEFINITIONS = (
					"DEBUG=1",
					"$(inherited)",
				);
				GCC_WARN_64_TO_32_BIT_CONVERSION = YES;
				GCC_WARN_ABOUT_RETURN_TYPE = YES_ERROR;
				GCC_WARN_UNDECLARED_SELECTOR = YES;
				GCC_WARN_UNINITIALIZED_AUTOS = YES_AGGRESSIVE;
				GCC_WARN_UNUSED_FUNCTION = YES;
				GCC_WARN_UNUSED_VARIABLE = YES;
				IPHONEOS_DEPLOYMENT_TARGET = 16.1;
				MTL_ENABLE_DEBUG_INFO = INCLUDE_SOURCE;
				MTL_FAST_MATH = YES;
				ONLY_ACTIVE_ARCH = YES;
				SDKROOT = iphoneos;
				SWIFT_ACTIVE_COMPILATION_CONDITIONS = DEBUG;
				SWIFT_OPTIMIZATION_LEVEL = "-Onone";
			};
			name = Debug;
		};
		E548FB082964A6050015C429 /* Release */ = {
			isa = XCBuildConfiguration;
			buildSettings = {
				ALWAYS_SEARCH_USER_PATHS = NO;
				CLANG_ANALYZER_NONNULL = YES;
				CLANG_ANALYZER_NUMBER_OBJECT_CONVERSION = YES_AGGRESSIVE;
				CLANG_CXX_LANGUAGE_STANDARD = "gnu++20";
				CLANG_ENABLE_MODULES = YES;
				CLANG_ENABLE_OBJC_ARC = YES;
				CLANG_ENABLE_OBJC_WEAK = YES;
				CLANG_WARN_BLOCK_CAPTURE_AUTORELEASING = YES;
				CLANG_WARN_BOOL_CONVERSION = YES;
				CLANG_WARN_COMMA = YES;
				CLANG_WARN_CONSTANT_CONVERSION = YES;
				CLANG_WARN_DEPRECATED_OBJC_IMPLEMENTATIONS = YES;
				CLANG_WARN_DIRECT_OBJC_ISA_USAGE = YES_ERROR;
				CLANG_WARN_DOCUMENTATION_COMMENTS = YES;
				CLANG_WARN_EMPTY_BODY = YES;
				CLANG_WARN_ENUM_CONVERSION = YES;
				CLANG_WARN_INFINITE_RECURSION = YES;
				CLANG_WARN_INT_CONVERSION = YES;
				CLANG_WARN_NON_LITERAL_NULL_CONVERSION = YES;
				CLANG_WARN_OBJC_IMPLICIT_RETAIN_SELF = YES;
				CLANG_WARN_OBJC_LITERAL_CONVERSION = YES;
				CLANG_WARN_OBJC_ROOT_CLASS = YES_ERROR;
				CLANG_WARN_QUOTED_INCLUDE_IN_FRAMEWORK_HEADER = YES;
				CLANG_WARN_RANGE_LOOP_ANALYSIS = YES;
				CLANG_WARN_STRICT_PROTOTYPES = YES;
				CLANG_WARN_SUSPICIOUS_MOVE = YES;
				CLANG_WARN_UNGUARDED_AVAILABILITY = YES_AGGRESSIVE;
				CLANG_WARN_UNREACHABLE_CODE = YES;
				CLANG_WARN__DUPLICATE_METHOD_MATCH = YES;
				COPY_PHASE_STRIP = NO;
				DEBUG_INFORMATION_FORMAT = "dwarf-with-dsym";
				ENABLE_NS_ASSERTIONS = NO;
				ENABLE_STRICT_OBJC_MSGSEND = YES;
				GCC_C_LANGUAGE_STANDARD = gnu11;
				GCC_NO_COMMON_BLOCKS = YES;
				GCC_WARN_64_TO_32_BIT_CONVERSION = YES;
				GCC_WARN_ABOUT_RETURN_TYPE = YES_ERROR;
				GCC_WARN_UNDECLARED_SELECTOR = YES;
				GCC_WARN_UNINITIALIZED_AUTOS = YES_AGGRESSIVE;
				GCC_WARN_UNUSED_FUNCTION = YES;
				GCC_WARN_UNUSED_VARIABLE = YES;
				IPHONEOS_DEPLOYMENT_TARGET = 16.1;
				MTL_ENABLE_DEBUG_INFO = NO;
				MTL_FAST_MATH = YES;
				SDKROOT = iphoneos;
				SWIFT_COMPILATION_MODE = wholemodule;
				SWIFT_OPTIMIZATION_LEVEL = "-O";
				VALIDATE_PRODUCT = YES;
			};
			name = Release;
		};
		E548FB0A2964A6050015C429 /* Debug */ = {
			isa = XCBuildConfiguration;
			buildSettings = {
				ASSETCATALOG_COMPILER_APPICON_NAME = AppIcon;
				ASSETCATALOG_COMPILER_GLOBAL_ACCENT_COLOR_NAME = AccentColor;
				CODE_SIGN_STYLE = Automatic;
				CURRENT_PROJECT_VERSION = 1;
				DEVELOPMENT_TEAM = SN3GHS2A4T;
				GENERATE_INFOPLIST_FILE = YES;
				INFOPLIST_FILE = "bootcamp-week-4/Info.plist";
				INFOPLIST_KEY_UIApplicationSupportsIndirectInputEvents = YES;
				INFOPLIST_KEY_UILaunchStoryboardName = LaunchScreen;
				INFOPLIST_KEY_UIMainStoryboardFile = Main;
				INFOPLIST_KEY_UISupportedInterfaceOrientations_iPad = "UIInterfaceOrientationPortrait UIInterfaceOrientationPortraitUpsideDown UIInterfaceOrientationLandscapeLeft UIInterfaceOrientationLandscapeRight";
				INFOPLIST_KEY_UISupportedInterfaceOrientations_iPhone = "UIInterfaceOrientationPortrait UIInterfaceOrientationLandscapeLeft UIInterfaceOrientationLandscapeRight";
				LD_RUNPATH_SEARCH_PATHS = (
					"$(inherited)",
					"@executable_path/Frameworks",
				);
				MARKETING_VERSION = 1.0;
				PRODUCT_BUNDLE_IDENTIFIER = "sezer.bootcamp-week-4";
				PRODUCT_NAME = "$(TARGET_NAME)";
				SWIFT_EMIT_LOC_STRINGS = YES;
				SWIFT_VERSION = 5.0;
				TARGETED_DEVICE_FAMILY = "1,2";
			};
			name = Debug;
		};
		E548FB0B2964A6050015C429 /* Release */ = {
			isa = XCBuildConfiguration;
			buildSettings = {
				ASSETCATALOG_COMPILER_APPICON_NAME = AppIcon;
				ASSETCATALOG_COMPILER_GLOBAL_ACCENT_COLOR_NAME = AccentColor;
				CODE_SIGN_STYLE = Automatic;
				CURRENT_PROJECT_VERSION = 1;
				DEVELOPMENT_TEAM = SN3GHS2A4T;
				GENERATE_INFOPLIST_FILE = YES;
				INFOPLIST_FILE = "bootcamp-week-4/Info.plist";
				INFOPLIST_KEY_UIApplicationSupportsIndirectInputEvents = YES;
				INFOPLIST_KEY_UILaunchStoryboardName = LaunchScreen;
				INFOPLIST_KEY_UIMainStoryboardFile = Main;
				INFOPLIST_KEY_UISupportedInterfaceOrientations_iPad = "UIInterfaceOrientationPortrait UIInterfaceOrientationPortraitUpsideDown UIInterfaceOrientationLandscapeLeft UIInterfaceOrientationLandscapeRight";
				INFOPLIST_KEY_UISupportedInterfaceOrientations_iPhone = "UIInterfaceOrientationPortrait UIInterfaceOrientationLandscapeLeft UIInterfaceOrientationLandscapeRight";
				LD_RUNPATH_SEARCH_PATHS = (
					"$(inherited)",
					"@executable_path/Frameworks",
				);
				MARKETING_VERSION = 1.0;
				PRODUCT_BUNDLE_IDENTIFIER = "sezer.bootcamp-week-4";
				PRODUCT_NAME = "$(TARGET_NAME)";
				SWIFT_EMIT_LOC_STRINGS = YES;
				SWIFT_VERSION = 5.0;
				TARGETED_DEVICE_FAMILY = "1,2";
			};
			name = Release;
		};
/* End XCBuildConfiguration section */

/* Begin XCConfigurationList section */
		E548FAF02964A6040015C429 /* Build configuration list for PBXProject "bootcamp-week-4" */ = {
			isa = XCConfigurationList;
			buildConfigurations = (
				E548FB072964A6050015C429 /* Debug */,
				E548FB082964A6050015C429 /* Release */,
			);
			defaultConfigurationIsVisible = 0;
			defaultConfigurationName = Release;
		};
		E548FB092964A6050015C429 /* Build configuration list for PBXNativeTarget "bootcamp-week-4" */ = {
			isa = XCConfigurationList;
			buildConfigurations = (
				E548FB0A2964A6050015C429 /* Debug */,
				E548FB0B2964A6050015C429 /* Release */,
			);
			defaultConfigurationIsVisible = 0;
			defaultConfigurationName = Release;
		};
/* End XCConfigurationList section */
	};
	rootObject = E548FAED2964A6040015C429 /* Project object */;
}
